// !$*UTF8*$!
{
	archiveVersion = 1;
	classes = {
	};
	objectVersion = 56;
	objects = {

/* Begin PBXBuildFile section */
		4614755329B701C500296BD6 /* SearchBar.swift in Sources */ = {isa = PBXBuildFile; fileRef = 4614755229B701C500296BD6 /* SearchBar.swift */; };
		4614755529B8D60900296BD6 /* Colors.swift in Sources */ = {isa = PBXBuildFile; fileRef = 4614755429B8D60900296BD6 /* Colors.swift */; };
		4614755729BB885200296BD6 /* Tag.swift in Sources */ = {isa = PBXBuildFile; fileRef = 4614755629BB885200296BD6 /* Tag.swift */; };
		4614755A29BB948300296BD6 /* TagView.swift in Sources */ = {isa = PBXBuildFile; fileRef = 4614755929BB948300296BD6 /* TagView.swift */; };
		4614755C29BF7C3200296BD6 /* Tags.swift in Sources */ = {isa = PBXBuildFile; fileRef = 4614755B29BF7C3200296BD6 /* Tags.swift */; };
		4623BC0B29B259BB00F14A58 /* Taryag_MitzvotApp.swift in Sources */ = {isa = PBXBuildFile; fileRef = 4623BC0A29B259BB00F14A58 /* Taryag_MitzvotApp.swift */; };
		4623BC0D29B259BB00F14A58 /* ContentView.swift in Sources */ = {isa = PBXBuildFile; fileRef = 4623BC0C29B259BB00F14A58 /* ContentView.swift */; };
		4623BC0F29B259BD00F14A58 /* Assets.xcassets in Resources */ = {isa = PBXBuildFile; fileRef = 4623BC0E29B259BD00F14A58 /* Assets.xcassets */; };
		4623BC1229B259BD00F14A58 /* Preview Assets.xcassets in Resources */ = {isa = PBXBuildFile; fileRef = 4623BC1129B259BD00F14A58 /* Preview Assets.xcassets */; };
		4623BC1929B25A1200F14A58 /* Mitzvah.swift in Sources */ = {isa = PBXBuildFile; fileRef = 4623BC1829B25A1200F14A58 /* Mitzvah.swift */; };
		4623BC1B29B25A8A00F14A58 /* Mitzvot.swift in Sources */ = {isa = PBXBuildFile; fileRef = 4623BC1A29B25A8A00F14A58 /* Mitzvot.swift */; };
		4623BC1D29B5579A00F14A58 /* ViewTestView.swift in Sources */ = {isa = PBXBuildFile; fileRef = 4623BC1C29B5579A00F14A58 /* ViewTestView.swift */; };
/* End PBXBuildFile section */

/* Begin PBXFileReference section */
		4614755229B701C500296BD6 /* SearchBar.swift */ = {isa = PBXFileReference; lastKnownFileType = sourcecode.swift; path = SearchBar.swift; sourceTree = "<group>"; };
		4614755429B8D60900296BD6 /* Colors.swift */ = {isa = PBXFileReference; lastKnownFileType = sourcecode.swift; path = Colors.swift; sourceTree = "<group>"; };
		4614755629BB885200296BD6 /* Tag.swift */ = {isa = PBXFileReference; lastKnownFileType = sourcecode.swift; path = Tag.swift; sourceTree = "<group>"; };
		4614755929BB948300296BD6 /* TagView.swift */ = {isa = PBXFileReference; lastKnownFileType = sourcecode.swift; path = TagView.swift; sourceTree = "<group>"; };
		4614755B29BF7C3200296BD6 /* Tags.swift */ = {isa = PBXFileReference; lastKnownFileType = sourcecode.swift; path = Tags.swift; sourceTree = "<group>"; };
		4623BC0729B259BB00F14A58 /* Taryag Mitzvot.app */ = {isa = PBXFileReference; explicitFileType = wrapper.application; includeInIndex = 0; path = "Taryag Mitzvot.app"; sourceTree = BUILT_PRODUCTS_DIR; };
		4623BC0A29B259BB00F14A58 /* Taryag_MitzvotApp.swift */ = {isa = PBXFileReference; lastKnownFileType = sourcecode.swift; path = Taryag_MitzvotApp.swift; sourceTree = "<group>"; };
		4623BC0C29B259BB00F14A58 /* ContentView.swift */ = {isa = PBXFileReference; lastKnownFileType = sourcecode.swift; path = ContentView.swift; sourceTree = "<group>"; };
		4623BC0E29B259BD00F14A58 /* Assets.xcassets */ = {isa = PBXFileReference; lastKnownFileType = folder.assetcatalog; path = Assets.xcassets; sourceTree = "<group>"; };
		4623BC1129B259BD00F14A58 /* Preview Assets.xcassets */ = {isa = PBXFileReference; lastKnownFileType = folder.assetcatalog; path = "Preview Assets.xcassets"; sourceTree = "<group>"; };
		4623BC1829B25A1200F14A58 /* Mitzvah.swift */ = {isa = PBXFileReference; lastKnownFileType = sourcecode.swift; path = Mitzvah.swift; sourceTree = "<group>"; };
		4623BC1A29B25A8A00F14A58 /* Mitzvot.swift */ = {isa = PBXFileReference; lastKnownFileType = sourcecode.swift; path = Mitzvot.swift; sourceTree = "<group>"; };
		4623BC1C29B5579A00F14A58 /* ViewTestView.swift */ = {isa = PBXFileReference; lastKnownFileType = sourcecode.swift; path = ViewTestView.swift; sourceTree = "<group>"; };
/* End PBXFileReference section */

/* Begin PBXFrameworksBuildPhase section */
		4623BC0429B259BB00F14A58 /* Frameworks */ = {
			isa = PBXFrameworksBuildPhase;
			buildActionMask = 2147483647;
			files = (
			);
			runOnlyForDeploymentPostprocessing = 0;
		};
/* End PBXFrameworksBuildPhase section */

/* Begin PBXGroup section */
		4614755829BB885A00296BD6 /* Models */ = {
			isa = PBXGroup;
			children = (
				4623BC1829B25A1200F14A58 /* Mitzvah.swift */,
				4614755629BB885200296BD6 /* Tag.swift */,
				4614755429B8D60900296BD6 /* Colors.swift */,
				4614755B29BF7C3200296BD6 /* Tags.swift */,
			);
			path = Models;
			sourceTree = "<group>";
		};
		4623BBFE29B259BA00F14A58 = {
			isa = PBXGroup;
			children = (
				4623BC0929B259BB00F14A58 /* Taryag Mitzvot */,
				4623BC0829B259BB00F14A58 /* Products */,
			);
			sourceTree = "<group>";
		};
		4623BC0829B259BB00F14A58 /* Products */ = {
			isa = PBXGroup;
			children = (
				4623BC0729B259BB00F14A58 /* Taryag Mitzvot.app */,
			);
			name = Products;
			sourceTree = "<group>";
		};
		4623BC0929B259BB00F14A58 /* Taryag Mitzvot */ = {
			isa = PBXGroup;
			children = (
				4623BC0A29B259BB00F14A58 /* Taryag_MitzvotApp.swift */,
				4614755829BB885A00296BD6 /* Models */,
				4623BC0C29B259BB00F14A58 /* ContentView.swift */,
				4623BC1C29B5579A00F14A58 /* ViewTestView.swift */,
				4614755229B701C500296BD6 /* SearchBar.swift */,
				4614755929BB948300296BD6 /* TagView.swift */,
				4623BC1A29B25A8A00F14A58 /* Mitzvot.swift */,
				4623BC0E29B259BD00F14A58 /* Assets.xcassets */,
				4623BC1029B259BD00F14A58 /* Preview Content */,
			);
			path = "Taryag Mitzvot";
			sourceTree = "<group>";
		};
		4623BC1029B259BD00F14A58 /* Preview Content */ = {
			isa = PBXGroup;
			children = (
				4623BC1129B259BD00F14A58 /* Preview Assets.xcassets */,
			);
			path = "Preview Content";
			sourceTree = "<group>";
		};
/* End PBXGroup section */

/* Begin PBXNativeTarget section */
		4623BC0629B259BB00F14A58 /* Taryag Mitzvot */ = {
			isa = PBXNativeTarget;
			buildConfigurationList = 4623BC1529B259BD00F14A58 /* Build configuration list for PBXNativeTarget "Taryag Mitzvot" */;
			buildPhases = (
				4623BC0329B259BB00F14A58 /* Sources */,
				4623BC0429B259BB00F14A58 /* Frameworks */,
				4623BC0529B259BB00F14A58 /* Resources */,
			);
			buildRules = (
			);
			dependencies = (
			);
			name = "Taryag Mitzvot";
			productName = "Taryag Mitzvot";
			productReference = 4623BC0729B259BB00F14A58 /* Taryag Mitzvot.app */;
			productType = "com.apple.product-type.application";
		};
/* End PBXNativeTarget section */

/* Begin PBXProject section */
		4623BBFF29B259BA00F14A58 /* Project object */ = {
			isa = PBXProject;
			attributes = {
				BuildIndependentTargetsInParallel = 1;
				LastSwiftUpdateCheck = 1420;
				LastUpgradeCheck = 1420;
				TargetAttributes = {
					4623BC0629B259BB00F14A58 = {
						CreatedOnToolsVersion = 14.2;
					};
				};
			};
			buildConfigurationList = 4623BC0229B259BA00F14A58 /* Build configuration list for PBXProject "Taryag Mitzvot" */;
			compatibilityVersion = "Xcode 14.0";
			developmentRegion = en;
			hasScannedForEncodings = 0;
			knownRegions = (
				en,
				Base,
			);
			mainGroup = 4623BBFE29B259BA00F14A58;
			productRefGroup = 4623BC0829B259BB00F14A58 /* Products */;
			projectDirPath = "";
			projectRoot = "";
			targets = (
				4623BC0629B259BB00F14A58 /* Taryag Mitzvot */,
			);
		};
/* End PBXProject section */

/* Begin PBXResourcesBuildPhase section */
		4623BC0529B259BB00F14A58 /* Resources */ = {
			isa = PBXResourcesBuildPhase;
			buildActionMask = 2147483647;
			files = (
				4623BC1229B259BD00F14A58 /* Preview Assets.xcassets in Resources */,
				4623BC0F29B259BD00F14A58 /* Assets.xcassets in Resources */,
			);
			runOnlyForDeploymentPostprocessing = 0;
		};
/* End PBXResourcesBuildPhase section */

/* Begin PBXSourcesBuildPhase section */
		4623BC0329B259BB00F14A58 /* Sources */ = {
			isa = PBXSourcesBuildPhase;
			buildActionMask = 2147483647;
			files = (
				4614755729BB885200296BD6 /* Tag.swift in Sources */,
				4623BC1D29B5579A00F14A58 /* ViewTestView.swift in Sources */,
				4623BC1929B25A1200F14A58 /* Mitzvah.swift in Sources */,
				4623BC1B29B25A8A00F14A58 /* Mitzvot.swift in Sources */,
				4614755529B8D60900296BD6 /* Colors.swift in Sources */,
				4623BC0D29B259BB00F14A58 /* ContentView.swift in Sources */,
				4623BC0B29B259BB00F14A58 /* Taryag_MitzvotApp.swift in Sources */,
				4614755329B701C500296BD6 /* SearchBar.swift in Sources */,
				4614755C29BF7C3200296BD6 /* Tags.swift in Sources */,
				4614755A29BB948300296BD6 /* TagView.swift in Sources */,
			);
			runOnlyForDeploymentPostprocessing = 0;
		};
/* End PBXSourcesBuildPhase section */

/* Begin XCBuildConfiguration section */
		4623BC1329B259BD00F14A58 /* Debug */ = {
			isa = XCBuildConfiguration;
			buildSettings = {
				ALWAYS_SEARCH_USER_PATHS = NO;
				CLANG_ANALYZER_NONNULL = YES;
				CLANG_ANALYZER_NUMBER_OBJECT_CONVERSION = YES_AGGRESSIVE;
				CLANG_CXX_LANGUAGE_STANDARD = "gnu++20";
				CLANG_ENABLE_MODULES = YES;
				CLANG_ENABLE_OBJC_ARC = YES;
				CLANG_ENABLE_OBJC_WEAK = YES;
				CLANG_WARN_BLOCK_CAPTURE_AUTORELEASING = YES;
				CLANG_WARN_BOOL_CONVERSION = YES;
				CLANG_WARN_COMMA = YES;
				CLANG_WARN_CONSTANT_CONVERSION = YES;
				CLANG_WARN_DEPRECATED_OBJC_IMPLEMENTATIONS = YES;
				CLANG_WARN_DIRECT_OBJC_ISA_USAGE = YES_ERROR;
				CLANG_WARN_DOCUMENTATION_COMMENTS = YES;
				CLANG_WARN_EMPTY_BODY = YES;
				CLANG_WARN_ENUM_CONVERSION = YES;
				CLANG_WARN_INFINITE_RECURSION = YES;
				CLANG_WARN_INT_CONVERSION = YES;
				CLANG_WARN_NON_LITERAL_NULL_CONVERSION = YES;
				CLANG_WARN_OBJC_IMPLICIT_RETAIN_SELF = YES;
				CLANG_WARN_OBJC_LITERAL_CONVERSION = YES;
				CLANG_WARN_OBJC_ROOT_CLASS = YES_ERROR;
				CLANG_WARN_QUOTED_INCLUDE_IN_FRAMEWORK_HEADER = YES;
				CLANG_WARN_RANGE_LOOP_ANALYSIS = YES;
				CLANG_WARN_STRICT_PROTOTYPES = YES;
				CLANG_WARN_SUSPICIOUS_MOVE = YES;
				CLANG_WARN_UNGUARDED_AVAILABILITY = YES_AGGRESSIVE;
				CLANG_WARN_UNREACHABLE_CODE = YES;
				CLANG_WARN__DUPLICATE_METHOD_MATCH = YES;
				COPY_PHASE_STRIP = NO;
				DEBUG_INFORMATION_FORMAT = dwarf;
				ENABLE_STRICT_OBJC_MSGSEND = YES;
				ENABLE_TESTABILITY = YES;
				GCC_C_LANGUAGE_STANDARD = gnu11;
				GCC_DYNAMIC_NO_PIC = NO;
				GCC_NO_COMMON_BLOCKS = YES;
				GCC_OPTIMIZATION_LEVEL = 0;
				GCC_PREPROCESSOR_DEFINITIONS = (
					"DEBUG=1",
					"$(inherited)",
				);
				GCC_WARN_64_TO_32_BIT_CONVERSION = YES;
				GCC_WARN_ABOUT_RETURN_TYPE = YES_ERROR;
				GCC_WARN_UNDECLARED_SELECTOR = YES;
				GCC_WARN_UNINITIALIZED_AUTOS = YES_AGGRESSIVE;
				GCC_WARN_UNUSED_FUNCTION = YES;
				GCC_WARN_UNUSED_VARIABLE = YES;
				IPHONEOS_DEPLOYMENT_TARGET = 16.2;
				MTL_ENABLE_DEBUG_INFO = INCLUDE_SOURCE;
				MTL_FAST_MATH = YES;
				ONLY_ACTIVE_ARCH = YES;
				SDKROOT = iphoneos;
				SWIFT_ACTIVE_COMPILATION_CONDITIONS = DEBUG;
				SWIFT_OPTIMIZATION_LEVEL = "-Onone";
			};
			name = Debug;
		};
		4623BC1429B259BD00F14A58 /* Release */ = {
			isa = XCBuildConfiguration;
			buildSettings = {
				ALWAYS_SEARCH_USER_PATHS = NO;
				CLANG_ANALYZER_NONNULL = YES;
				CLANG_ANALYZER_NUMBER_OBJECT_CONVERSION = YES_AGGRESSIVE;
				CLANG_CXX_LANGUAGE_STANDARD = "gnu++20";
				CLANG_ENABLE_MODULES = YES;
				CLANG_ENABLE_OBJC_ARC = YES;
				CLANG_ENABLE_OBJC_WEAK = YES;
				CLANG_WARN_BLOCK_CAPTURE_AUTORELEASING = YES;
				CLANG_WARN_BOOL_CONVERSION = YES;
				CLANG_WARN_COMMA = YES;
				CLANG_WARN_CONSTANT_CONVERSION = YES;
				CLANG_WARN_DEPRECATED_OBJC_IMPLEMENTATIONS = YES;
				CLANG_WARN_DIRECT_OBJC_ISA_USAGE = YES_ERROR;
				CLANG_WARN_DOCUMENTATION_COMMENTS = YES;
				CLANG_WARN_EMPTY_BODY = YES;
				CLANG_WARN_ENUM_CONVERSION = YES;
				CLANG_WARN_INFINITE_RECURSION = YES;
				CLANG_WARN_INT_CONVERSION = YES;
				CLANG_WARN_NON_LITERAL_NULL_CONVERSION = YES;
				CLANG_WARN_OBJC_IMPLICIT_RETAIN_SELF = YES;
				CLANG_WARN_OBJC_LITERAL_CONVERSION = YES;
				CLANG_WARN_OBJC_ROOT_CLASS = YES_ERROR;
				CLANG_WARN_QUOTED_INCLUDE_IN_FRAMEWORK_HEADER = YES;
				CLANG_WARN_RANGE_LOOP_ANALYSIS = YES;
				CLANG_WARN_STRICT_PROTOTYPES = YES;
				CLANG_WARN_SUSPICIOUS_MOVE = YES;
				CLANG_WARN_UNGUARDED_AVAILABILITY = YES_AGGRESSIVE;
				CLANG_WARN_UNREACHABLE_CODE = YES;
				CLANG_WARN__DUPLICATE_METHOD_MATCH = YES;
				COPY_PHASE_STRIP = NO;
				DEBUG_INFORMATION_FORMAT = "dwarf-with-dsym";
				ENABLE_NS_ASSERTIONS = NO;
				ENABLE_STRICT_OBJC_MSGSEND = YES;
				GCC_C_LANGUAGE_STANDARD = gnu11;
				GCC_NO_COMMON_BLOCKS = YES;
				GCC_WARN_64_TO_32_BIT_CONVERSION = YES;
				GCC_WARN_ABOUT_RETURN_TYPE = YES_ERROR;
				GCC_WARN_UNDECLARED_SELECTOR = YES;
				GCC_WARN_UNINITIALIZED_AUTOS = YES_AGGRESSIVE;
				GCC_WARN_UNUSED_FUNCTION = YES;
				GCC_WARN_UNUSED_VARIABLE = YES;
				IPHONEOS_DEPLOYMENT_TARGET = 16.2;
				MTL_ENABLE_DEBUG_INFO = NO;
				MTL_FAST_MATH = YES;
				SDKROOT = iphoneos;
				SWIFT_COMPILATION_MODE = wholemodule;
				SWIFT_OPTIMIZATION_LEVEL = "-O";
				VALIDATE_PRODUCT = YES;
			};
			name = Release;
		};
		4623BC1629B259BD00F14A58 /* Debug */ = {
			isa = XCBuildConfiguration;
			buildSettings = {
				ASSETCATALOG_COMPILER_APPICON_NAME = AppIcon;
				ASSETCATALOG_COMPILER_GLOBAL_ACCENT_COLOR_NAME = AccentColor;
				CODE_SIGN_STYLE = Automatic;
				CURRENT_PROJECT_VERSION = 1;
				DEVELOPMENT_ASSET_PATHS = "\"Taryag Mitzvot/Preview Content\"";
				DEVELOPMENT_TEAM = 6C37YAT2V8;
				ENABLE_PREVIEWS = YES;
				GENERATE_INFOPLIST_FILE = YES;
				INFOPLIST_KEY_UIApplicationSceneManifest_Generation = YES;
				INFOPLIST_KEY_UIApplicationSupportsIndirectInputEvents = YES;
				INFOPLIST_KEY_UILaunchScreen_Generation = YES;
				INFOPLIST_KEY_UISupportedInterfaceOrientations_iPad = "UIInterfaceOrientationPortrait UIInterfaceOrientationPortraitUpsideDown UIInterfaceOrientationLandscapeLeft UIInterfaceOrientationLandscapeRight";
				INFOPLIST_KEY_UISupportedInterfaceOrientations_iPhone = "UIInterfaceOrientationPortrait UIInterfaceOrientationLandscapeLeft UIInterfaceOrientationLandscapeRight";
				IPHONEOS_DEPLOYMENT_TARGET = 16.0;
				LD_RUNPATH_SEARCH_PATHS = (
					"$(inherited)",
					"@executable_path/Frameworks",
				);
				MARKETING_VERSION = 1.0;
				PRODUCT_BUNDLE_IDENTIFIER = "avrahami.snir.Taryag-Mitzvot";
				PRODUCT_NAME = "$(TARGET_NAME)";
				SWIFT_EMIT_LOC_STRINGS = YES;
				SWIFT_VERSION = 5.0;
				TARGETED_DEVICE_FAMILY = "1,2";
			};
			name = Debug;
		};
		4623BC1729B259BD00F14A58 /* Release */ = {
			isa = XCBuildConfiguration;
			buildSettings = {
				ASSETCATALOG_COMPILER_APPICON_NAME = AppIcon;
				ASSETCATALOG_COMPILER_GLOBAL_ACCENT_COLOR_NAME = AccentColor;
				CODE_SIGN_STYLE = Automatic;
				CURRENT_PROJECT_VERSION = 1;
				DEVELOPMENT_ASSET_PATHS = "\"Taryag Mitzvot/Preview Content\"";
				DEVELOPMENT_TEAM = 6C37YAT2V8;
				ENABLE_PREVIEWS = YES;
				GENERATE_INFOPLIST_FILE = YES;
				INFOPLIST_KEY_UIApplicationSceneManifest_Generation = YES;
				INFOPLIST_KEY_UIApplicationSupportsIndirectInputEvents = YES;
				INFOPLIST_KEY_UILaunchScreen_Generation = YES;
				INFOPLIST_KEY_UISupportedInterfaceOrientations_iPad = "UIInterfaceOrientationPortrait UIInterfaceOrientationPortraitUpsideDown UIInterfaceOrientationLandscapeLeft UIInterfaceOrientationLandscapeRight";
				INFOPLIST_KEY_UISupportedInterfaceOrientations_iPhone = "UIInterfaceOrientationPortrait UIInterfaceOrientationLandscapeLeft UIInterfaceOrientationLandscapeRight";
				IPHONEOS_DEPLOYMENT_TARGET = 16.0;
				LD_RUNPATH_SEARCH_PATHS = (
					"$(inherited)",
					"@executable_path/Frameworks",
				);
				MARKETING_VERSION = 1.0;
				PRODUCT_BUNDLE_IDENTIFIER = "avrahami.snir.Taryag-Mitzvot";
				PRODUCT_NAME = "$(TARGET_NAME)";
				SWIFT_EMIT_LOC_STRINGS = YES;
				SWIFT_VERSION = 5.0;
				TARGETED_DEVICE_FAMILY = "1,2";
			};
			name = Release;
		};
/* End XCBuildConfiguration section */

/* Begin XCConfigurationList section */
		4623BC0229B259BA00F14A58 /* Build configuration list for PBXProject "Taryag Mitzvot" */ = {
			isa = XCConfigurationList;
			buildConfigurations = (
				4623BC1329B259BD00F14A58 /* Debug */,
				4623BC1429B259BD00F14A58 /* Release */,
			);
			defaultConfigurationIsVisible = 0;
			defaultConfigurationName = Release;
		};
		4623BC1529B259BD00F14A58 /* Build configuration list for PBXNativeTarget "Taryag Mitzvot" */ = {
			isa = XCConfigurationList;
			buildConfigurations = (
				4623BC1629B259BD00F14A58 /* Debug */,
				4623BC1729B259BD00F14A58 /* Release */,
			);
			defaultConfigurationIsVisible = 0;
			defaultConfigurationName = Release;
		};
/* End XCConfigurationList section */
	};
	rootObject = 4623BBFF29B259BA00F14A58 /* Project object */;
}
